<?xml version="1.0" encoding="utf-8"?>
<Project ToolsVersion="4.0" xmlns="http://schemas.microsoft.com/developer/msbuild/2003">
  <ItemGroup>
    <Filter Include="Source Files">
      <UniqueIdentifier>{4FC737F1-C7A5-4376-A066-2A32D752A2FF}</UniqueIdentifier>
      <Extensions>cpp;c;cc;cxx;c++;cppm;ixx;def;odl;idl;hpj;bat;asm;asmx</Extensions>
    </Filter>
    <Filter Include="Header Files">
      <UniqueIdentifier>{93995380-89BD-4b04-88EB-625FBE52EBFB}</UniqueIdentifier>
      <Extensions>h;hh;hpp;hxx;h++;hm;inl;inc;ipp;xsd</Extensions>
    </Filter>
    <Filter Include="Resource Files">
      <UniqueIdentifier>{67DA6AB6-F800-4c08-8B7A-83BB121AAD01}</UniqueIdentifier>
      <Extensions>rc;ico;cur;bmp;dlg;rc2;rct;bin;rgs;gif;jpg;jpeg;jpe;resx;tiff;tif;png;wav;mfcribbon-ms</Extensions>
    </Filter>
    <Filter Include="Source Files\Core">
      <UniqueIdentifier>{69ff7106-5058-443c-a59f-a369a45be98c}</UniqueIdentifier>
    </Filter>
    <Filter Include="Header Files\Core">
      <UniqueIdentifier>{dcbc4e49-2fac-4482-88a8-f1c458551cbf}</UniqueIdentifier>
    </Filter>
    <Filter Include="Header Files\Components">
      <UniqueIdentifier>{d225a748-a776-4bfa-aa98-b4c19963146c}</UniqueIdentifier>
    </Filter>
    <Filter Include="Source Files\Components">
      <UniqueIdentifier>{166f42a6-1ea2-430d-83e7-623e2864921c}</UniqueIdentifier>
    </Filter>
    <Filter Include="Header Files\Components\Ammo Abilities">
      <UniqueIdentifier>{35c658bc-4a63-41e1-be7d-63eb30e0aab4}</UniqueIdentifier>
    </Filter>
    <Filter Include="Source Files\Components\Ammo Abilities">
      <UniqueIdentifier>{3394fc1b-cbd3-4882-8a2d-c984fc6396a7}</UniqueIdentifier>
    </Filter>
  </ItemGroup>
  <ItemGroup>
    <ClCompile Include="Main.cpp">
      <Filter>Source Files\Core</Filter>
    </ClCompile>
    <ClCompile Include="PlatformerGameMode.cpp">
      <Filter>Source Files\Core</Filter>
    </ClCompile>
    <ClCompile Include="PlatformerObjectFactory.cpp">
      <Filter>Source Files\Core</Filter>
    </ClCompile>
    <ClCompile Include="AmmoAbility.cpp">
      <Filter>Source Files\Components\Ammo Abilities</Filter>
    </ClCompile>
    <ClCompile Include="AmmoUpdateComponent.cpp">
      <Filter>Source Files\Components</Filter>
    </ClCompile>
    <ClCompile Include="SlingshotUpdateComponent.cpp">
      <Filter>Source Files\Components</Filter>
    </ClCompile>
    <ClCompile Include="GrowthAmmoAbility.cpp">
      <Filter>Source Files\Components\Ammo Abilities</Filter>
    </ClCompile>
    <ClCompile Include="ImpulseAmmoAbility.cpp">
      <Filter>Source Files\Components\Ammo Abilities</Filter>
    </ClCompile>
    <ClCompile Include="MultiplicateAmmoAbility.cpp">
      <Filter>Source Files\Components\Ammo Abilities</Filter>
    </ClCompile>
    <ClCompile Include="TrailUpdateComponent.cpp">
      <Filter>Source Files\Components</Filter>
    </ClCompile>
    <ClCompile Include="TrailGraphicsComponent.cpp">
      <Filter>Source Files\Components</Filter>
    </ClCompile>
  </ItemGroup>
  <ItemGroup>
    <None Include="packages.config" />
  </ItemGroup>
  <ItemGroup>
    <ClInclude Include="PlatformerGameMode.h">
      <Filter>Header Files\Core</Filter>
    </ClInclude>
    <ClInclude Include="PlatformerObjectFactory.h">
      <Filter>Header Files\Core</Filter>
    </ClInclude>
    <ClInclude Include="LevelStartBlueprint.h">
      <Filter>Header Files\Core</Filter>
    </ClInclude>
    <ClInclude Include="AmmoUpdateComponent.h">
      <Filter>Header Files\Components</Filter>
    </ClInclude>
    <ClInclude Include="SlingshotUpdateComponent.h">
      <Filter>Header Files\Components</Filter>
    </ClInclude>
    <ClInclude Include="AmmoAbility.h">
      <Filter>Header Files\Components\Ammo Abilities</Filter>
    </ClInclude>
    <ClInclude Include="GrowthAmmoAbility.h">
      <Filter>Header Files\Components\Ammo Abilities</Filter>
    </ClInclude>
    <ClInclude Include="ImpulseAmmoAbility.h">
      <Filter>Header Files\Components\Ammo Abilities</Filter>
    </ClInclude>
    <ClInclude Include="MultiplicateAmmoAbility.h">
      <Filter>Header Files\Components\Ammo Abilities</Filter>
    </ClInclude>
    <ClInclude Include="TrailGraphicsComponent.h">
      <Filter>Header Files\Components</Filter>
    </ClInclude>
    <ClInclude Include="TrailUpdateComponent.h">
      <Filter>Header Files\Components</Filter>
    </ClInclude>
    <ClInclude Include="CollisionCategories.h">
      <Filter>Header Files</Filter>
    </ClInclude>
  </ItemGroup>
</Project>